
Microsoft Visual Studio Solution File, Format Version 12.00
# Visual Studio 15
VisualStudioVersion = 15.0.27703.2000
MinimumVisualStudioVersion = 10.0.40219.1
Project("{FAE04EC0-301F-11D3-BF4B-00C04F79EFBC}") = "ConsoleApp", "ConsoleApp\ConsoleApp.csproj", "{169077B0-E28D-42CA-B060-7718A5CBDDF4}"
EndProject
Project("{2150E333-8FDC-42A3-9474-1A3956D46DE8}") = "Resources", "Resources", "{7D5F1C75-5DBB-4BE5-9D99-5ACCB778242E}"
	ProjectSection(SolutionItems) = preProject
		ConsoleApp\Properties\Resources.Designer.cs = ConsoleApp\Properties\Resources.Designer.cs
		ConsoleApp\Properties\Resources.resx = ConsoleApp\Properties\Resources.resx
		ConsoleApp\Properties\Resources.ru-RU.Designer.cs = ConsoleApp\Properties\Resources.ru-RU.Designer.cs
		ConsoleApp\Properties\Resources.ru-RU.resx = ConsoleApp\Properties\Resources.ru-RU.resx
	EndProjectSection
EndProject
Global
	GlobalSection(SolutionConfigurationPlatforms) = preSolution
		Debug|Any CPU = Debug|Any CPU
		Release|Any CPU = Release|Any CPU
	EndGlobalSection
	GlobalSection(ProjectConfigurationPlatforms) = postSolution
		{169077B0-E28D-42CA-B060-7718A5CBDDF4}.Debug|Any CPU.ActiveCfg = Debug|Any CPU
		{169077B0-E28D-42CA-B060-7718A5CBDDF4}.Debug|Any CPU.Build.0 = Debug|Any CPU
		{169077B0-E28D-42CA-B060-7718A5CBDDF4}.Release|Any CPU.ActiveCfg = Release|Any CPU
		{169077B0-E28D-42CA-B060-7718A5CBDDF4}.Release|Any CPU.Build.0 = Release|Any CPU
	EndGlobalSection
	GlobalSection(SolutionProperties) = preSolution
		HideSolutionNode = FALSE
	EndGlobalSection
	GlobalSection(ExtensibilityGlobals) = postSolution
		SolutionGuid = {45DAE3C1-2AA2-4A1C-BFAF-E9FAAD94FE5C}
	EndGlobalSection
EndGlobal
